// !$*UTF8*$!
{
	archiveVersion = 1;
	classes = {
	};
	objectVersion = 46;
	objects = {

/* Begin PBXBuildFile section */
		7036C8C519C17582006E6C95 /* AppDelegate.swift in Sources */ = {isa = PBXBuildFile; fileRef = 7036C8C419C17582006E6C95 /* AppDelegate.swift */; };
		7036C8C719C17582006E6C95 /* ViewController.swift in Sources */ = {isa = PBXBuildFile; fileRef = 7036C8C619C17582006E6C95 /* ViewController.swift */; };
		7036C8CA19C17582006E6C95 /* Main.storyboard in Resources */ = {isa = PBXBuildFile; fileRef = 7036C8C819C17582006E6C95 /* Main.storyboard */; };
		7036C8CC19C17582006E6C95 /* Images.xcassets in Resources */ = {isa = PBXBuildFile; fileRef = 7036C8CB19C17582006E6C95 /* Images.xcassets */; };
		7036C8D819C17582006E6C95 /* SwiftUITests.swift in Sources */ = {isa = PBXBuildFile; fileRef = 7036C8D719C17582006E6C95 /* SwiftUITests.swift */; };
/* End PBXBuildFile section */

/* Begin PBXContainerItemProxy section */
		7036C8D219C17582006E6C95 /* PBXContainerItemProxy */ = {
			isa = PBXContainerItemProxy;
			containerPortal = 7036C8B719C17582006E6C95 /* Project object */;
			proxyType = 1;
			remoteGlobalIDString = 7036C8BE19C17582006E6C95;
			remoteInfo = SwiftUI;
		};
/* End PBXContainerItemProxy section */

/* Begin PBXFileReference section */
		7036C8BF19C17582006E6C95 /* SwiftUI.app */ = {isa = PBXFileReference; explicitFileType = wrapper.application; includeInIndex = 0; path = SwiftUI.app; sourceTree = BUILT_PRODUCTS_DIR; };
		7036C8C319C17582006E6C95 /* Info.plist */ = {isa = PBXFileReference; lastKnownFileType = text.plist.xml; path = Info.plist; sourceTree = "<group>"; };
		7036C8C419C17582006E6C95 /* AppDelegate.swift */ = {isa = PBXFileReference; lastKnownFileType = sourcecode.swift; path = AppDelegate.swift; sourceTree = "<group>"; };
		7036C8C619C17582006E6C95 /* ViewController.swift */ = {isa = PBXFileReference; lastKnownFileType = sourcecode.swift; path = ViewController.swift; sourceTree = "<group>"; };
		7036C8C919C17582006E6C95 /* Base */ = {isa = PBXFileReference; lastKnownFileType = file.storyboard; name = Base; path = Base.lproj/Main.storyboard; sourceTree = "<group>"; };
		7036C8CB19C17582006E6C95 /* Images.xcassets */ = {isa = PBXFileReference; lastKnownFileType = folder.assetcatalog; path = Images.xcassets; sourceTree = "<group>"; };
		7036C8D119C17582006E6C95 /* SwiftUITests.xctest */ = {isa = PBXFileReference; explicitFileType = wrapper.cfbundle; includeInIndex = 0; path = SwiftUITests.xctest; sourceTree = BUILT_PRODUCTS_DIR; };
		7036C8D619C17582006E6C95 /* Info.plist */ = {isa = PBXFileReference; lastKnownFileType = text.plist.xml; path = Info.plist; sourceTree = "<group>"; };
		7036C8D719C17582006E6C95 /* SwiftUITests.swift */ = {isa = PBXFileReference; lastKnownFileType = sourcecode.swift; path = SwiftUITests.swift; sourceTree = "<group>"; };
/* End PBXFileReference section */

/* Begin PBXFrameworksBuildPhase section */
		7036C8BC19C17582006E6C95 /* Frameworks */ = {
			isa = PBXFrameworksBuildPhase;
			buildActionMask = 2147483647;
			files = (
			);
			runOnlyForDeploymentPostprocessing = 0;
		};
		7036C8CE19C17582006E6C95 /* Frameworks */ = {
			isa = PBXFrameworksBuildPhase;
			buildActionMask = 2147483647;
			files = (
			);
			runOnlyForDeploymentPostprocessing = 0;
		};
/* End PBXFrameworksBuildPhase section */

/* Begin PBXGroup section */
		7036C8B619C17582006E6C95 = {
			isa = PBXGroup;
			children = (
				7036C8C119C17582006E6C95 /* SwiftUI */,
				7036C8D419C17582006E6C95 /* SwiftUITests */,
				7036C8C019C17582006E6C95 /* Products */,
			);
			sourceTree = "<group>";
		};
		7036C8C019C17582006E6C95 /* Products */ = {
			isa = PBXGroup;
			children = (
				7036C8BF19C17582006E6C95 /* SwiftUI.app */,
				7036C8D119C17582006E6C95 /* SwiftUITests.xctest */,
			);
			name = Products;
			sourceTree = "<group>";
		};
		7036C8C119C17582006E6C95 /* SwiftUI */ = {
			isa = PBXGroup;
			children = (
				7036C8C419C17582006E6C95 /* AppDelegate.swift */,
				7036C8C619C17582006E6C95 /* ViewController.swift */,
				7036C8C819C17582006E6C95 /* Main.storyboard */,
				7036C8CB19C17582006E6C95 /* Images.xcassets */,
				7036C8C219C17582006E6C95 /* Supporting Files */,
			);
			path = SwiftUI;
			sourceTree = "<group>";
		};
		7036C8C219C17582006E6C95 /* Supporting Files */ = {
			isa = PBXGroup;
			children = (
				7036C8C319C17582006E6C95 /* Info.plist */,
			);
			name = "Supporting Files";
			sourceTree = "<group>";
		};
		7036C8D419C17582006E6C95 /* SwiftUITests */ = {
			isa = PBXGroup;
			children = (
				7036C8D719C17582006E6C95 /* SwiftUITests.swift */,
				7036C8D519C17582006E6C95 /* Supporting Files */,
			);
			path = SwiftUITests;
			sourceTree = "<group>";
		};
		7036C8D519C17582006E6C95 /* Supporting Files */ = {
			isa = PBXGroup;
			children = (
				7036C8D619C17582006E6C95 /* Info.plist */,
			);
			name = "Supporting Files";
			sourceTree = "<group>";
		};
/* End PBXGroup section */

/* Begin PBXNativeTarget section */
		7036C8BE19C17582006E6C95 /* SwiftUI */ = {
			isa = PBXNativeTarget;
			buildConfigurationList = 7036C8DB19C17582006E6C95 /* Build configuration list for PBXNativeTarget "SwiftUI" */;
			buildPhases = (
				7036C8BB19C17582006E6C95 /* Sources */,
				7036C8BC19C17582006E6C95 /* Frameworks */,
				7036C8BD19C17582006E6C95 /* Resources */,
			);
			buildRules = (
			);
			dependencies = (
			);
			name = SwiftUI;
			productName = SwiftUI;
			productReference = 7036C8BF19C17582006E6C95 /* SwiftUI.app */;
			productType = "com.apple.product-type.application";
		};
		7036C8D019C17582006E6C95 /* SwiftUITests */ = {
			isa = PBXNativeTarget;
			buildConfigurationList = 7036C8DE19C17582006E6C95 /* Build configuration list for PBXNativeTarget "SwiftUITests" */;
			buildPhases = (
				7036C8CD19C17582006E6C95 /* Sources */,
				7036C8CE19C17582006E6C95 /* Frameworks */,
				7036C8CF19C17582006E6C95 /* Resources */,
			);
			buildRules = (
			);
			dependencies = (
				7036C8D319C17582006E6C95 /* PBXTargetDependency */,
			);
			name = SwiftUITests;
			productName = SwiftUITests;
			productReference = 7036C8D119C17582006E6C95 /* SwiftUITests.xctest */;
			productType = "com.apple.product-type.bundle.unit-test";
		};
/* End PBXNativeTarget section */

/* Begin PBXProject section */
		7036C8B719C17582006E6C95 /* Project object */ = {
			isa = PBXProject;
			attributes = {
				LastUpgradeCheck = 0600;
				ORGANIZATIONNAME = "JIBUNSTYLE, Inc.";
				TargetAttributes = {
					7036C8BE19C17582006E6C95 = {
						CreatedOnToolsVersion = 6.0;
						DevelopmentTeam = X6UZ6GLW57;
					};
					7036C8D019C17582006E6C95 = {
						CreatedOnToolsVersion = 6.0;
						TestTargetID = 7036C8BE19C17582006E6C95;
					};
				};
			};
			buildConfigurationList = 7036C8BA19C17582006E6C95 /* Build configuration list for PBXProject "SwiftUI" */;
			compatibilityVersion = "Xcode 3.2";
			developmentRegion = English;
			hasScannedForEncodings = 0;
			knownRegions = (
				en,
				Base,
			);
			mainGroup = 7036C8B619C17582006E6C95;
			productRefGroup = 7036C8C019C17582006E6C95 /* Products */;
			projectDirPath = "";
			projectRoot = "";
			targets = (
				7036C8BE19C17582006E6C95 /* SwiftUI */,
				7036C8D019C17582006E6C95 /* SwiftUITests */,
			);
		};
/* End PBXProject section */

/* Begin PBXResourcesBuildPhase section */
		7036C8BD19C17582006E6C95 /* Resources */ = {
			isa = PBXResourcesBuildPhase;
			buildActionMask = 2147483647;
			files = (
				7036C8CA19C17582006E6C95 /* Main.storyboard in Resources */,
				7036C8CC19C17582006E6C95 /* Images.xcassets in Resources */,
			);
			runOnlyForDeploymentPostprocessing = 0;
		};
		7036C8CF19C17582006E6C95 /* Resources */ = {
			isa = PBXResourcesBuildPhase;
			buildActionMask = 2147483647;
			files = (
			);
			runOnlyForDeploymentPostprocessing = 0;
		};
/* End PBXResourcesBuildPhase section */

/* Begin PBXSourcesBuildPhase section */
		7036C8BB19C17582006E6C95 /* Sources */ = {
			isa = PBXSourcesBuildPhase;
			buildActionMask = 2147483647;
			files = (
				7036C8C719C17582006E6C95 /* ViewController.swift in Sources */,
				7036C8C519C17582006E6C95 /* AppDelegate.swift in Sources */,
			);
			runOnlyForDeploymentPostprocessing = 0;
		};
		7036C8CD19C17582006E6C95 /* Sources */ = {
			isa = PBXSourcesBuildPhase;
			buildActionMask = 2147483647;
			files = (
				7036C8D819C17582006E6C95 /* SwiftUITests.swift in Sources */,
			);
			runOnlyForDeploymentPostprocessing = 0;
		};
/* End PBXSourcesBuildPhase section */

/* Begin PBXTargetDependency section */
		7036C8D319C17582006E6C95 /* PBXTargetDependency */ = {
			isa = PBXTargetDependency;
			target = 7036C8BE19C17582006E6C95 /* SwiftUI */;
			targetProxy = 7036C8D219C17582006E6C95 /* PBXContainerItemProxy */;
		};
/* End PBXTargetDependency section */

/* Begin PBXVariantGroup section */
		7036C8C819C17582006E6C95 /* Main.storyboard */ = {
			isa = PBXVariantGroup;
			children = (
				7036C8C919C17582006E6C95 /* Base */,
			);
			name = Main.storyboard;
			sourceTree = "<group>";
		};
/* End PBXVariantGroup section */

/* Begin XCBuildConfiguration section */
		7036C8D919C17582006E6C95 /* Debug */ = {
			isa = XCBuildConfiguration;
			buildSettings = {
				ALWAYS_SEARCH_USER_PATHS = NO;
				CLANG_CXX_LANGUAGE_STANDARD = "gnu++0x";
				CLANG_CXX_LIBRARY = "libc++";
				CLANG_ENABLE_MODULES = YES;
				CLANG_ENABLE_OBJC_ARC = YES;
				CLANG_WARN_BOOL_CONVERSION = YES;
				CLANG_WARN_CONSTANT_CONVERSION = YES;
				CLANG_WARN_DIRECT_OBJC_ISA_USAGE = YES_ERROR;
				CLANG_WARN_EMPTY_BODY = YES;
				CLANG_WARN_ENUM_CONVERSION = YES;
				CLANG_WARN_INT_CONVERSION = YES;
				CLANG_WARN_OBJC_ROOT_CLASS = YES_ERROR;
				CLANG_WARN_UNREACHABLE_CODE = YES;
				CLANG_WARN__DUPLICATE_METHOD_MATCH = YES;
				"CODE_SIGN_IDENTITY[sdk=iphoneos*]" = "iPhone Developer";
				COPY_PHASE_STRIP = NO;
				ENABLE_STRICT_OBJC_MSGSEND = YES;
				GCC_C_LANGUAGE_STANDARD = gnu99;
				GCC_DYNAMIC_NO_PIC = NO;
				GCC_OPTIMIZATION_LEVEL = 0;
				GCC_PREPROCESSOR_DEFINITIONS = (
					"DEBUG=1",
					"$(inherited)",
				);
				GCC_SYMBOLS_PRIVATE_EXTERN = NO;
				GCC_WARN_64_TO_32_BIT_CONVERSION = YES;
				GCC_WARN_ABOUT_RETURN_TYPE = YES_ERROR;
				GCC_WARN_UNDECLARED_SELECTOR = YES;
				GCC_WARN_UNINITIALIZED_AUTOS = YES_AGGRESSIVE;
				GCC_WARN_UNUSED_FUNCTION = YES;
				GCC_WARN_UNUSED_VARIABLE = YES;
				IPHONEOS_DEPLOYMENT_TARGET = 8.0;
				MTL_ENABLE_DEBUG_INFO = YES;
				ONLY_ACTIVE_ARCH = YES;
				SDKROOT = iphoneos;
				SWIFT_OPTIMIZATION_LEVEL = "-Onone";
				TARGETED_DEVICE_FAMILY = "1,2";
			};
			name = Debug;
		};
		7036C8DA19C17582006E6C95 /* Release */ = {
			isa = XCBuildConfiguration;
			buildSettings = {
				ALWAYS_SEARCH_USER_PATHS = NO;
				CLANG_CXX_LANGUAGE_STANDARD = "gnu++0x";
				CLANG_CXX_LIBRARY = "libc++";
				CLANG_ENABLE_MODULES = YES;
				CLANG_ENABLE_OBJC_ARC = YES;
				CLANG_WARN_BOOL_CONVERSION = YES;
				CLANG_WARN_CONSTANT_CONVERSION = YES;
				CLANG_WARN_DIRECT_OBJC_ISA_USAGE = YES_ERROR;
				CLANG_WARN_EMPTY_BODY = YES;
				CLANG_WARN_ENUM_CONVERSION = YES;
				CLANG_WARN_INT_CONVERSION = YES;
				CLANG_WARN_OBJC_ROOT_CLASS = YES_ERROR;
				CLANG_WARN_UNREACHABLE_CODE = YES;
				CLANG_WARN__DUPLICATE_METHOD_MATCH = YES;
				"CODE_SIGN_IDENTITY[sdk=iphoneos*]" = "iPhone Developer";
				COPY_PHASE_STRIP = YES;
				ENABLE_NS_ASSERTIONS = NO;
				ENABLE_STRICT_OBJC_MSGSEND = YES;
				GCC_C_LANGUAGE_STANDARD = gnu99;
				GCC_WARN_64_TO_32_BIT_CONVERSION = YES;
				GCC_WARN_ABOUT_RETURN_TYPE = YES_ERROR;
				GCC_WARN_UNDECLARED_SELECTOR = YES;
				GCC_WARN_UNINITIALIZED_AUTOS = YES_AGGRESSIVE;
				GCC_WARN_UNUSED_FUNCTION = YES;
				GCC_WARN_UNUSED_VARIABLE = YES;
				IPHONEOS_DEPLOYMENT_TARGET = 8.0;
				MTL_ENABLE_DEBUG_INFO = NO;
				SDKROOT = iphoneos;
				TARGETED_DEVICE_FAMILY = "1,2";
				VALIDATE_PRODUCT = YES;
			};
			name = Release;
		};
		7036C8DC19C17582006E6C95 /* Debug */ = {
			isa = XCBuildConfiguration;
			buildSettings = {
				ASSETCATALOG_COMPILER_APPICON_NAME = AppIcon;
				ASSETCATALOG_COMPILER_LAUNCHIMAGE_NAME = LaunchImage;
				CODE_SIGN_IDENTITY = "iPhone Developer";
				INFOPLIST_FILE = SwiftUI/Info.plist;
				IPHONEOS_DEPLOYMENT_TARGET = 7.1;
				LD_RUNPATH_SEARCH_PATHS = "$(inherited) @executable_path/Frameworks";
				PRODUCT_NAME = "$(TARGET_NAME)";
				TARGETED_DEVICE_FAMILY = 1;
			};
			name = Debug;
		};
		7036C8DD19C17582006E6C95 /* Release */ = {
			isa = XCBuildConfiguration;
			buildSettings = {
				ASSETCATALOG_COMPILER_APPICON_NAME = AppIcon;
				ASSETCATALOG_COMPILER_LAUNCHIMAGE_NAME = LaunchImage;
				CODE_SIGN_IDENTITY = "iPhone Developer";
				INFOPLIST_FILE = SwiftUI/Info.plist;
				IPHONEOS_DEPLOYMENT_TARGET = 7.1;
				LD_RUNPATH_SEARCH_PATHS = "$(inherited) @executable_path/Frameworks";
				PRODUCT_NAME = "$(TARGET_NAME)";
				TARGETED_DEVICE_FAMILY = 1;
			};
			name = Release;
		};
		7036C8DF19C17582006E6C95 /* Debug */ = {
			isa = XCBuildConfiguration;
			buildSettings = {
				BUNDLE_LOADER = "$(TEST_HOST)";
				FRAMEWORK_SEARCH_PATHS = (
					"$(SDKROOT)/Developer/Library/Frameworks",
					"$(inherited)",
				);
				GCC_PREPROCESSOR_DEFINITIONS = (
					"DEBUG=1",
					"$(inherited)",
				);
				INFOPLIST_FILE = SwiftUITests/Info.plist;
				LD_RUNPATH_SEARCH_PATHS = "$(inherited) @executable_path/Frameworks @loader_path/Frameworks";
				PRODUCT_NAME = "$(TARGET_NAME)";
				TEST_HOST = "$(BUILT_PRODUCTS_DIR)/SwiftUI.app/SwiftUI";
			};
			name = Debug;
		};
		7036C8E019C17582006E6C95 /* Release */ = {
			isa = XCBuildConfiguration;
			buildSettings = {
				BUNDLE_LOADER = "$(TEST_HOST)";
				FRAMEWORK_SEARCH_PATHS = (
					"$(SDKROOT)/Developer/Library/Frameworks",
					"$(inherited)",
				);
				INFOPLIST_FILE = SwiftUITests/Info.plist;
				LD_RUNPATH_SEARCH_PATHS = "$(inherited) @executable_path/Frameworks @loader_path/Frameworks";
				PRODUCT_NAME = "$(TARGET_NAME)";
				TEST_HOST = "$(BUILT_PRODUCTS_DIR)/SwiftUI.app/SwiftUI";
			};
			name = Release;
		};
/* End XCBuildConfiguration section */

/* Begin XCConfigurationList section */
		7036C8BA19C17582006E6C95 /* Build configuration list for PBXProject "SwiftUI" */ = {
			isa = XCConfigurationList;
			buildConfigurations = (
				7036C8D919C17582006E6C95 /* Debug */,
				7036C8DA19C17582006E6C95 /* Release */,
			);
			defaultConfigurationIsVisible = 0;
			defaultConfigurationName = Release;
		};
		7036C8DB19C17582006E6C95 /* Build configuration list for PBXNativeTarget "SwiftUI" */ = {
			isa = XCConfigurationList;
			buildConfigurations = (
				7036C8DC19C17582006E6C95 /* Debug */,
				7036C8DD19C17582006E6C95 /* Release */,
			);
			defaultConfigurationIsVisible = 0;
			defaultConfigurationName = Release;
		};
		7036C8DE19C17582006E6C95 /* Build configuration list for PBXNativeTarget "SwiftUITests" */ = {
			isa = XCConfigurationList;
			buildConfigurations = (
				7036C8DF19C17582006E6C95 /* Debug */,
				7036C8E019C17582006E6C95 /* Release */,
			);
			defaultConfigurationIsVisible = 0;
			defaultConfigurationName = Release;
		};
/* End XCConfigurationList section */
	};
	rootObject = 7036C8B719C17582006E6C95 /* Project object */;
}
